{
  "meteor": {},
  "dependencies": {
    "basePackages": {
      "autocomplete": {}
    },
    "packages": {
      "autocomplete": {
        "git": "https://github.com/mizzao/meteor-autocomplete.git",
        "tag": "v0.4.5",
        "commit": "48a706f0055939ac9e05dd619ad6d4df3dcc237d"
      },
      "caret-position": {
        "git": "https://github.com/StockBase/meteor-caret-position.git",
        "tag": "v2.1.0-3",
        "commit": "6028cf980f62cbf72cb2ea527091a3a31f87b8a7"
      }
    }
  }
}
